
Microsoft Visual Studio Solution File, Format Version 12.00
# Visual Studio 14
VisualStudioVersion = 14.0.25420.1
MinimumVisualStudioVersion = 10.0.40219.1
Project("{FAE04EC0-301F-11D3-BF4B-00C04F79EFBC}") = "WorksAssign", "WorksAssign\WorksAssign.csproj", "{A1365CDA-D844-4E36-8D4D-B2C98699013D}"
EndProject
Project("{FAE04EC0-301F-11D3-BF4B-00C04F79EFBC}") = "WorksAssign.Test", "WorksAssign.Test\WorksAssign.Test.csproj", "{4AAF98F8-DD33-4C1A-BAB6-527920A75192}"
EndProject
Project("{FAE04EC0-301F-11D3-BF4B-00C04F79EFBC}") = "WorksAssign.Util", "WorksAssign.Util\WorksAssign.Util.csproj", "{837EE222-9CD7-4980-8176-3CC4C0F0411E}"
EndProject
Project("{FAE04EC0-301F-11D3-BF4B-00C04F79EFBC}") = "WorksAssign.Persistence", "WorksAssign.Persistence\WorksAssign.Persistence.csproj", "{300B92F4-FFDD-4D54-B537-B1E4BB2008CB}"
EndProject
Global
	GlobalSection(SolutionConfigurationPlatforms) = preSolution
		Debug|Any CPU = Debug|Any CPU
		Release|Any CPU = Release|Any CPU
	EndGlobalSection
	GlobalSection(ProjectConfigurationPlatforms) = postSolution
		{A1365CDA-D844-4E36-8D4D-B2C98699013D}.Debug|Any CPU.ActiveCfg = Debug|Any CPU
		{A1365CDA-D844-4E36-8D4D-B2C98699013D}.Debug|Any CPU.Build.0 = Debug|Any CPU
		{A1365CDA-D844-4E36-8D4D-B2C98699013D}.Release|Any CPU.ActiveCfg = Release|Any CPU
		{A1365CDA-D844-4E36-8D4D-B2C98699013D}.Release|Any CPU.Build.0 = Release|Any CPU
		{4AAF98F8-DD33-4C1A-BAB6-527920A75192}.Debug|Any CPU.ActiveCfg = Debug|Any CPU
		{4AAF98F8-DD33-4C1A-BAB6-527920A75192}.Debug|Any CPU.Build.0 = Debug|Any CPU
		{4AAF98F8-DD33-4C1A-BAB6-527920A75192}.Release|Any CPU.ActiveCfg = Release|Any CPU
		{4AAF98F8-DD33-4C1A-BAB6-527920A75192}.Release|Any CPU.Build.0 = Release|Any CPU
		{837EE222-9CD7-4980-8176-3CC4C0F0411E}.Debug|Any CPU.ActiveCfg = Debug|Any CPU
		{837EE222-9CD7-4980-8176-3CC4C0F0411E}.Debug|Any CPU.Build.0 = Debug|Any CPU
		{837EE222-9CD7-4980-8176-3CC4C0F0411E}.Release|Any CPU.ActiveCfg = Release|Any CPU
		{837EE222-9CD7-4980-8176-3CC4C0F0411E}.Release|Any CPU.Build.0 = Release|Any CPU
		{300B92F4-FFDD-4D54-B537-B1E4BB2008CB}.Debug|Any CPU.ActiveCfg = Debug|Any CPU
		{300B92F4-FFDD-4D54-B537-B1E4BB2008CB}.Debug|Any CPU.Build.0 = Debug|Any CPU
		{300B92F4-FFDD-4D54-B537-B1E4BB2008CB}.Release|Any CPU.ActiveCfg = Release|Any CPU
		{300B92F4-FFDD-4D54-B537-B1E4BB2008CB}.Release|Any CPU.Build.0 = Release|Any CPU
	EndGlobalSection
	GlobalSection(SolutionProperties) = preSolution
		HideSolutionNode = FALSE
	EndGlobalSection
EndGlobal
